
Microsoft Visual Studio Solution File, Format Version 12.00
# Visual Studio Version 16
VisualStudioVersion = 16.0.28803.352
MinimumVisualStudioVersion = 10.0.40219.1
Project("{FAE04EC0-301F-11D3-BF4B-00C04F79EFBC}") = "TareaTest", "TareaTest.csproj", "{AA1688C9-BF3F-4224-BF76-1930B09062B5}"
EndProject
Project("{FAE04EC0-301F-11D3-BF4B-00C04F79EFBC}") = "TareaTestTests", "..\TareaTestTests\TareaTestTests.csproj", "{F72A4FB9-85D5-4B38-86DC-04B0E1B34C05}"
EndProject
Global
	GlobalSection(SolutionConfigurationPlatforms) = preSolution
		Debug|Any CPU = Debug|Any CPU
		Release|Any CPU = Release|Any CPU
	EndGlobalSection
	GlobalSection(ProjectConfigurationPlatforms) = postSolution
		{AA1688C9-BF3F-4224-BF76-1930B09062B5}.Debug|Any CPU.ActiveCfg = Debug|Any CPU
		{AA1688C9-BF3F-4224-BF76-1930B09062B5}.Debug|Any CPU.Build.0 = Debug|Any CPU
		{AA1688C9-BF3F-4224-BF76-1930B09062B5}.Release|Any CPU.ActiveCfg = Release|Any CPU
		{AA1688C9-BF3F-4224-BF76-1930B09062B5}.Release|Any CPU.Build.0 = Release|Any CPU
		{F72A4FB9-85D5-4B38-86DC-04B0E1B34C05}.Debug|Any CPU.ActiveCfg = Debug|Any CPU
		{F72A4FB9-85D5-4B38-86DC-04B0E1B34C05}.Debug|Any CPU.Build.0 = Debug|Any CPU
		{F72A4FB9-85D5-4B38-86DC-04B0E1B34C05}.Release|Any CPU.ActiveCfg = Release|Any CPU
		{F72A4FB9-85D5-4B38-86DC-04B0E1B34C05}.Release|Any CPU.Build.0 = Release|Any CPU
	EndGlobalSection
	GlobalSection(SolutionProperties) = preSolution
		HideSolutionNode = FALSE
	EndGlobalSection
	GlobalSection(ExtensibilityGlobals) = postSolution
		SolutionGuid = {829B049A-8CCB-475F-86A4-E295FB50928E}
	EndGlobalSection
EndGlobal
